
Microsoft Visual Studio Solution File, Format Version 12.00
# Visual Studio 14
VisualStudioVersion = 14.0.25420.1
MinimumVisualStudioVersion = 10.0.40219.1
Project("{FAE04EC0-301F-11D3-BF4B-00C04F79EFBC}") = "ConsoleApp2", "ConsoleApp2\ConsoleApp2.csproj", "{17DC3291-674A-4848-B5C6-20E78D5FA593}"
EndProject
Project("{FAE04EC0-301F-11D3-BF4B-00C04F79EFBC}") = "UnitTests", "UnitTests\UnitTests.csproj", "{019051AB-A881-451A-9C40-1090DC87B0B9}"
EndProject
Global
	GlobalSection(SolutionConfigurationPlatforms) = preSolution
		Debug|Any CPU = Debug|Any CPU
		Release|Any CPU = Release|Any CPU
	EndGlobalSection
	GlobalSection(ProjectConfigurationPlatforms) = postSolution
		{17DC3291-674A-4848-B5C6-20E78D5FA593}.Debug|Any CPU.ActiveCfg = Debug|Any CPU
		{17DC3291-674A-4848-B5C6-20E78D5FA593}.Debug|Any CPU.Build.0 = Debug|Any CPU
		{17DC3291-674A-4848-B5C6-20E78D5FA593}.Release|Any CPU.ActiveCfg = Release|Any CPU
		{17DC3291-674A-4848-B5C6-20E78D5FA593}.Release|Any CPU.Build.0 = Release|Any CPU
		{019051AB-A881-451A-9C40-1090DC87B0B9}.Debug|Any CPU.ActiveCfg = Debug|Any CPU
		{019051AB-A881-451A-9C40-1090DC87B0B9}.Debug|Any CPU.Build.0 = Debug|Any CPU
		{019051AB-A881-451A-9C40-1090DC87B0B9}.Release|Any CPU.ActiveCfg = Release|Any CPU
		{019051AB-A881-451A-9C40-1090DC87B0B9}.Release|Any CPU.Build.0 = Release|Any CPU
	EndGlobalSection
	GlobalSection(SolutionProperties) = preSolution
		HideSolutionNode = FALSE
	EndGlobalSection
	GlobalSection(ExtensibilityGlobals) = postSolution
		SolutionGuid = {36C1CA66-DC2D-404B-9785-3FD1EDD2A2BE}
	EndGlobalSection
EndGlobal
